
Microsoft Visual Studio Solution File, Format Version 12.00
# Visual Studio Version 17
VisualStudioVersion = 17.0.31903.59
MinimumVisualStudioVersion = 10.0.40219.1
Project("{2150E333-8FDC-42A3-9474-1A3956D46DE8}") = "src", "src", "{9003E098-45FB-4B64-81D8-8B3B322C66EE}"
EndProject
Project("{FAE04EC0-301F-11D3-BF4B-00C04F79EFBC}") = "Automator.App", "src\Automator.App\Automator.App.csproj", "{0A079DB6-5B5F-4B93-8A82-A94697ED6CA6}"
EndProject
Project("{2150E333-8FDC-42A3-9474-1A3956D46DE8}") = "tests", "tests", "{589DED88-B060-41A6-9F26-F5FE41CFF47C}"
EndProject
Project("{FAE04EC0-301F-11D3-BF4B-00C04F79EFBC}") = "Automator.Core.Specs", "tests\Automator.Core.Specs\Automator.Core.Specs.csproj", "{67DA1D7A-1C9D-4DD0-BB07-5CF8C54822DB}"
EndProject
Project("{FAE04EC0-301F-11D3-BF4B-00C04F79EFBC}") = "Automator.Core", "src\Automator.Core\Automator.Core.csproj", "{7F6BF5CF-5E71-408E-B5B9-5581E0EAC5E5}"
EndProject
Project("{FAE04EC0-301F-11D3-BF4B-00C04F79EFBC}") = "Automator.Application", "src\Automator.Application\Automator.Application.csproj", "{D00C0081-1AF1-42FE-B07A-078C16A941D0}"
EndProject
Project("{FAE04EC0-301F-11D3-BF4B-00C04F79EFBC}") = "Automator.Protocol", "src\Automator.Protocol\Automator.Protocol.csproj", "{5D073D39-6D4F-4F44-917A-F99A0EA08D5D}"
EndProject
Project("{FAE04EC0-301F-11D3-BF4B-00C04F79EFBC}") = "Automator.Windows", "src\Automator.Windows\Automator.Windows.csproj", "{659CC9CF-566A-4757-8742-443244A47D75}"
EndProject
Project("{FAE04EC0-301F-11D3-BF4B-00C04F79EFBC}") = "Automator.Backend", "src\Automator.Backend\Automator.Backend.csproj", "{53ED25DE-3103-4E6D-805D-83C9671487F4}"
EndProject
Project("{FAE04EC0-301F-11D3-BF4B-00C04F79EFBC}") = "Automator.Infrastructure", "src\Automator.Infrastructure\Automator.Infrastructure.csproj", "{3A13BA5A-4CD7-4932-9F96-81F71F9C617B}"
EndProject
Project("{FAE04EC0-301F-11D3-BF4B-00C04F79EFBC}") = "Automator.Application.Specs", "tests\Automator.Application.Specs\Automator.Application.Specs.csproj", "{70877E45-2E4D-48BF-959C-26796F6E2F29}"
EndProject
Project("{FAE04EC0-301F-11D3-BF4B-00C04F79EFBC}") = "Automator.Protocol.Specs", "tests\Automator.Protocol.Specs\Automator.Protocol.Specs.csproj", "{87789AF1-7E77-4C18-9DE5-BEF035C7DA8E}"
EndProject
Project("{FAE04EC0-301F-11D3-BF4B-00C04F79EFBC}") = "Automator.Windows.Specs", "tests\Automator.Windows.Specs\Automator.Windows.Specs.csproj", "{2FFE1711-2174-451D-A59B-727263452071}"
EndProject
Project("{FAE04EC0-301F-11D3-BF4B-00C04F79EFBC}") = "Automator.Infrastructure.Specs", "tests\Automator.Infrastructure.Specs\Automator.Infrastructure.Specs.csproj", "{14C2A9D2-9528-4F06-A1D4-35D5F8B98E66}"
EndProject
Global
	GlobalSection(SolutionConfigurationPlatforms) = preSolution
		Debug|Any CPU = Debug|Any CPU
		Debug|x64 = Debug|x64
		Debug|x86 = Debug|x86
		Release|Any CPU = Release|Any CPU
		Release|x64 = Release|x64
		Release|x86 = Release|x86
	EndGlobalSection
	GlobalSection(ProjectConfigurationPlatforms) = postSolution
		{0A079DB6-5B5F-4B93-8A82-A94697ED6CA6}.Debug|Any CPU.ActiveCfg = Debug|Any CPU
		{0A079DB6-5B5F-4B93-8A82-A94697ED6CA6}.Debug|Any CPU.Build.0 = Debug|Any CPU
		{0A079DB6-5B5F-4B93-8A82-A94697ED6CA6}.Debug|x64.ActiveCfg = Debug|Any CPU
		{0A079DB6-5B5F-4B93-8A82-A94697ED6CA6}.Debug|x64.Build.0 = Debug|Any CPU
		{0A079DB6-5B5F-4B93-8A82-A94697ED6CA6}.Debug|x86.ActiveCfg = Debug|Any CPU
		{0A079DB6-5B5F-4B93-8A82-A94697ED6CA6}.Debug|x86.Build.0 = Debug|Any CPU
		{0A079DB6-5B5F-4B93-8A82-A94697ED6CA6}.Release|Any CPU.ActiveCfg = Release|Any CPU
		{0A079DB6-5B5F-4B93-8A82-A94697ED6CA6}.Release|Any CPU.Build.0 = Release|Any CPU
		{0A079DB6-5B5F-4B93-8A82-A94697ED6CA6}.Release|x64.ActiveCfg = Release|Any CPU
		{0A079DB6-5B5F-4B93-8A82-A94697ED6CA6}.Release|x64.Build.0 = Release|Any CPU
		{0A079DB6-5B5F-4B93-8A82-A94697ED6CA6}.Release|x86.ActiveCfg = Release|Any CPU
		{0A079DB6-5B5F-4B93-8A82-A94697ED6CA6}.Release|x86.Build.0 = Release|Any CPU
		{67DA1D7A-1C9D-4DD0-BB07-5CF8C54822DB}.Debug|Any CPU.ActiveCfg = Debug|Any CPU
		{67DA1D7A-1C9D-4DD0-BB07-5CF8C54822DB}.Debug|Any CPU.Build.0 = Debug|Any CPU
		{67DA1D7A-1C9D-4DD0-BB07-5CF8C54822DB}.Debug|x64.ActiveCfg = Debug|Any CPU
		{67DA1D7A-1C9D-4DD0-BB07-5CF8C54822DB}.Debug|x64.Build.0 = Debug|Any CPU
		{67DA1D7A-1C9D-4DD0-BB07-5CF8C54822DB}.Debug|x86.ActiveCfg = Debug|Any CPU
		{67DA1D7A-1C9D-4DD0-BB07-5CF8C54822DB}.Debug|x86.Build.0 = Debug|Any CPU
		{67DA1D7A-1C9D-4DD0-BB07-5CF8C54822DB}.Release|Any CPU.ActiveCfg = Release|Any CPU
		{67DA1D7A-1C9D-4DD0-BB07-5CF8C54822DB}.Release|Any CPU.Build.0 = Release|Any CPU
		{67DA1D7A-1C9D-4DD0-BB07-5CF8C54822DB}.Release|x64.ActiveCfg = Release|Any CPU
		{67DA1D7A-1C9D-4DD0-BB07-5CF8C54822DB}.Release|x64.Build.0 = Release|Any CPU
		{67DA1D7A-1C9D-4DD0-BB07-5CF8C54822DB}.Release|x86.ActiveCfg = Release|Any CPU
		{67DA1D7A-1C9D-4DD0-BB07-5CF8C54822DB}.Release|x86.Build.0 = Release|Any CPU
		{7F6BF5CF-5E71-408E-B5B9-5581E0EAC5E5}.Debug|Any CPU.ActiveCfg = Debug|Any CPU
		{7F6BF5CF-5E71-408E-B5B9-5581E0EAC5E5}.Debug|Any CPU.Build.0 = Debug|Any CPU
		{7F6BF5CF-5E71-408E-B5B9-5581E0EAC5E5}.Debug|x64.ActiveCfg = Debug|Any CPU
		{7F6BF5CF-5E71-408E-B5B9-5581E0EAC5E5}.Debug|x64.Build.0 = Debug|Any CPU
		{7F6BF5CF-5E71-408E-B5B9-5581E0EAC5E5}.Debug|x86.ActiveCfg = Debug|Any CPU
		{7F6BF5CF-5E71-408E-B5B9-5581E0EAC5E5}.Debug|x86.Build.0 = Debug|Any CPU
		{7F6BF5CF-5E71-408E-B5B9-5581E0EAC5E5}.Release|Any CPU.ActiveCfg = Release|Any CPU
		{7F6BF5CF-5E71-408E-B5B9-5581E0EAC5E5}.Release|Any CPU.Build.0 = Release|Any CPU
		{7F6BF5CF-5E71-408E-B5B9-5581E0EAC5E5}.Release|x64.ActiveCfg = Release|Any CPU
		{7F6BF5CF-5E71-408E-B5B9-5581E0EAC5E5}.Release|x64.Build.0 = Release|Any CPU
		{7F6BF5CF-5E71-408E-B5B9-5581E0EAC5E5}.Release|x86.ActiveCfg = Release|Any CPU
		{7F6BF5CF-5E71-408E-B5B9-5581E0EAC5E5}.Release|x86.Build.0 = Release|Any CPU
		{D00C0081-1AF1-42FE-B07A-078C16A941D0}.Debug|Any CPU.ActiveCfg = Debug|Any CPU
		{D00C0081-1AF1-42FE-B07A-078C16A941D0}.Debug|Any CPU.Build.0 = Debug|Any CPU
		{D00C0081-1AF1-42FE-B07A-078C16A941D0}.Debug|x64.ActiveCfg = Debug|Any CPU
		{D00C0081-1AF1-42FE-B07A-078C16A941D0}.Debug|x64.Build.0 = Debug|Any CPU
		{D00C0081-1AF1-42FE-B07A-078C16A941D0}.Debug|x86.ActiveCfg = Debug|Any CPU
		{D00C0081-1AF1-42FE-B07A-078C16A941D0}.Debug|x86.Build.0 = Debug|Any CPU
		{D00C0081-1AF1-42FE-B07A-078C16A941D0}.Release|Any CPU.ActiveCfg = Release|Any CPU
		{D00C0081-1AF1-42FE-B07A-078C16A941D0}.Release|Any CPU.Build.0 = Release|Any CPU
		{D00C0081-1AF1-42FE-B07A-078C16A941D0}.Release|x64.ActiveCfg = Release|Any CPU
		{D00C0081-1AF1-42FE-B07A-078C16A941D0}.Release|x64.Build.0 = Release|Any CPU
		{D00C0081-1AF1-42FE-B07A-078C16A941D0}.Release|x86.ActiveCfg = Release|Any CPU
		{D00C0081-1AF1-42FE-B07A-078C16A941D0}.Release|x86.Build.0 = Release|Any CPU
		{5D073D39-6D4F-4F44-917A-F99A0EA08D5D}.Debug|Any CPU.ActiveCfg = Debug|Any CPU
		{5D073D39-6D4F-4F44-917A-F99A0EA08D5D}.Debug|Any CPU.Build.0 = Debug|Any CPU
		{5D073D39-6D4F-4F44-917A-F99A0EA08D5D}.Debug|x64.ActiveCfg = Debug|Any CPU
		{5D073D39-6D4F-4F44-917A-F99A0EA08D5D}.Debug|x64.Build.0 = Debug|Any CPU
		{5D073D39-6D4F-4F44-917A-F99A0EA08D5D}.Debug|x86.ActiveCfg = Debug|Any CPU
		{5D073D39-6D4F-4F44-917A-F99A0EA08D5D}.Debug|x86.Build.0 = Debug|Any CPU
		{5D073D39-6D4F-4F44-917A-F99A0EA08D5D}.Release|Any CPU.ActiveCfg = Release|Any CPU
		{5D073D39-6D4F-4F44-917A-F99A0EA08D5D}.Release|Any CPU.Build.0 = Release|Any CPU
		{5D073D39-6D4F-4F44-917A-F99A0EA08D5D}.Release|x64.ActiveCfg = Release|Any CPU
		{5D073D39-6D4F-4F44-917A-F99A0EA08D5D}.Release|x64.Build.0 = Release|Any CPU
		{5D073D39-6D4F-4F44-917A-F99A0EA08D5D}.Release|x86.ActiveCfg = Release|Any CPU
		{5D073D39-6D4F-4F44-917A-F99A0EA08D5D}.Release|x86.Build.0 = Release|Any CPU
		{659CC9CF-566A-4757-8742-443244A47D75}.Debug|Any CPU.ActiveCfg = Debug|Any CPU
		{659CC9CF-566A-4757-8742-443244A47D75}.Debug|Any CPU.Build.0 = Debug|Any CPU
		{659CC9CF-566A-4757-8742-443244A47D75}.Debug|x64.ActiveCfg = Debug|Any CPU
		{659CC9CF-566A-4757-8742-443244A47D75}.Debug|x64.Build.0 = Debug|Any CPU
		{659CC9CF-566A-4757-8742-443244A47D75}.Debug|x86.ActiveCfg = Debug|Any CPU
		{659CC9CF-566A-4757-8742-443244A47D75}.Debug|x86.Build.0 = Debug|Any CPU
		{659CC9CF-566A-4757-8742-443244A47D75}.Release|Any CPU.ActiveCfg = Release|Any CPU
		{659CC9CF-566A-4757-8742-443244A47D75}.Release|Any CPU.Build.0 = Release|Any CPU
		{659CC9CF-566A-4757-8742-443244A47D75}.Release|x64.ActiveCfg = Release|Any CPU
		{659CC9CF-566A-4757-8742-443244A47D75}.Release|x64.Build.0 = Release|Any CPU
		{659CC9CF-566A-4757-8742-443244A47D75}.Release|x86.ActiveCfg = Release|Any CPU
		{659CC9CF-566A-4757-8742-443244A47D75}.Release|x86.Build.0 = Release|Any CPU
		{53ED25DE-3103-4E6D-805D-83C9671487F4}.Debug|Any CPU.ActiveCfg = Debug|Any CPU
		{53ED25DE-3103-4E6D-805D-83C9671487F4}.Debug|Any CPU.Build.0 = Debug|Any CPU
		{53ED25DE-3103-4E6D-805D-83C9671487F4}.Debug|x64.ActiveCfg = Debug|Any CPU
		{53ED25DE-3103-4E6D-805D-83C9671487F4}.Debug|x64.Build.0 = Debug|Any CPU
		{53ED25DE-3103-4E6D-805D-83C9671487F4}.Debug|x86.ActiveCfg = Debug|Any CPU
		{53ED25DE-3103-4E6D-805D-83C9671487F4}.Debug|x86.Build.0 = Debug|Any CPU
		{53ED25DE-3103-4E6D-805D-83C9671487F4}.Release|Any CPU.ActiveCfg = Release|Any CPU
		{53ED25DE-3103-4E6D-805D-83C9671487F4}.Release|Any CPU.Build.0 = Release|Any CPU
		{53ED25DE-3103-4E6D-805D-83C9671487F4}.Release|x64.ActiveCfg = Release|Any CPU
		{53ED25DE-3103-4E6D-805D-83C9671487F4}.Release|x64.Build.0 = Release|Any CPU
		{53ED25DE-3103-4E6D-805D-83C9671487F4}.Release|x86.ActiveCfg = Release|Any CPU
		{53ED25DE-3103-4E6D-805D-83C9671487F4}.Release|x86.Build.0 = Release|Any CPU
		{3A13BA5A-4CD7-4932-9F96-81F71F9C617B}.Debug|Any CPU.ActiveCfg = Debug|Any CPU
		{3A13BA5A-4CD7-4932-9F96-81F71F9C617B}.Debug|Any CPU.Build.0 = Debug|Any CPU
		{3A13BA5A-4CD7-4932-9F96-81F71F9C617B}.Debug|x64.ActiveCfg = Debug|Any CPU
		{3A13BA5A-4CD7-4932-9F96-81F71F9C617B}.Debug|x64.Build.0 = Debug|Any CPU
		{3A13BA5A-4CD7-4932-9F96-81F71F9C617B}.Debug|x86.ActiveCfg = Debug|Any CPU
		{3A13BA5A-4CD7-4932-9F96-81F71F9C617B}.Debug|x86.Build.0 = Debug|Any CPU
		{3A13BA5A-4CD7-4932-9F96-81F71F9C617B}.Release|Any CPU.ActiveCfg = Release|Any CPU
		{3A13BA5A-4CD7-4932-9F96-81F71F9C617B}.Release|Any CPU.Build.0 = Release|Any CPU
		{3A13BA5A-4CD7-4932-9F96-81F71F9C617B}.Release|x64.ActiveCfg = Release|Any CPU
		{3A13BA5A-4CD7-4932-9F96-81F71F9C617B}.Release|x64.Build.0 = Release|Any CPU
		{3A13BA5A-4CD7-4932-9F96-81F71F9C617B}.Release|x86.ActiveCfg = Release|Any CPU
		{3A13BA5A-4CD7-4932-9F96-81F71F9C617B}.Release|x86.Build.0 = Release|Any CPU
		{70877E45-2E4D-48BF-959C-26796F6E2F29}.Debug|Any CPU.ActiveCfg = Debug|Any CPU
		{70877E45-2E4D-48BF-959C-26796F6E2F29}.Debug|Any CPU.Build.0 = Debug|Any CPU
		{70877E45-2E4D-48BF-959C-26796F6E2F29}.Debug|x64.ActiveCfg = Debug|Any CPU
		{70877E45-2E4D-48BF-959C-26796F6E2F29}.Debug|x64.Build.0 = Debug|Any CPU
		{70877E45-2E4D-48BF-959C-26796F6E2F29}.Debug|x86.ActiveCfg = Debug|Any CPU
		{70877E45-2E4D-48BF-959C-26796F6E2F29}.Debug|x86.Build.0 = Debug|Any CPU
		{70877E45-2E4D-48BF-959C-26796F6E2F29}.Release|Any CPU.ActiveCfg = Release|Any CPU
		{70877E45-2E4D-48BF-959C-26796F6E2F29}.Release|Any CPU.Build.0 = Release|Any CPU
		{70877E45-2E4D-48BF-959C-26796F6E2F29}.Release|x64.ActiveCfg = Release|Any CPU
		{70877E45-2E4D-48BF-959C-26796F6E2F29}.Release|x64.Build.0 = Release|Any CPU
		{70877E45-2E4D-48BF-959C-26796F6E2F29}.Release|x86.ActiveCfg = Release|Any CPU
		{70877E45-2E4D-48BF-959C-26796F6E2F29}.Release|x86.Build.0 = Release|Any CPU
		{87789AF1-7E77-4C18-9DE5-BEF035C7DA8E}.Debug|Any CPU.ActiveCfg = Debug|Any CPU
		{87789AF1-7E77-4C18-9DE5-BEF035C7DA8E}.Debug|Any CPU.Build.0 = Debug|Any CPU
		{87789AF1-7E77-4C18-9DE5-BEF035C7DA8E}.Debug|x64.ActiveCfg = Debug|Any CPU
		{87789AF1-7E77-4C18-9DE5-BEF035C7DA8E}.Debug|x64.Build.0 = Debug|Any CPU
		{87789AF1-7E77-4C18-9DE5-BEF035C7DA8E}.Debug|x86.ActiveCfg = Debug|Any CPU
		{87789AF1-7E77-4C18-9DE5-BEF035C7DA8E}.Debug|x86.Build.0 = Debug|Any CPU
		{87789AF1-7E77-4C18-9DE5-BEF035C7DA8E}.Release|Any CPU.ActiveCfg = Release|Any CPU
		{87789AF1-7E77-4C18-9DE5-BEF035C7DA8E}.Release|Any CPU.Build.0 = Release|Any CPU
		{87789AF1-7E77-4C18-9DE5-BEF035C7DA8E}.Release|x64.ActiveCfg = Release|Any CPU
		{87789AF1-7E77-4C18-9DE5-BEF035C7DA8E}.Release|x64.Build.0 = Release|Any CPU
		{87789AF1-7E77-4C18-9DE5-BEF035C7DA8E}.Release|x86.ActiveCfg = Release|Any CPU
		{87789AF1-7E77-4C18-9DE5-BEF035C7DA8E}.Release|x86.Build.0 = Release|Any CPU
		{2FFE1711-2174-451D-A59B-727263452071}.Debug|Any CPU.ActiveCfg = Debug|Any CPU
		{2FFE1711-2174-451D-A59B-727263452071}.Debug|Any CPU.Build.0 = Debug|Any CPU
		{2FFE1711-2174-451D-A59B-727263452071}.Debug|x64.ActiveCfg = Debug|Any CPU
		{2FFE1711-2174-451D-A59B-727263452071}.Debug|x64.Build.0 = Debug|Any CPU
		{2FFE1711-2174-451D-A59B-727263452071}.Debug|x86.ActiveCfg = Debug|Any CPU
		{2FFE1711-2174-451D-A59B-727263452071}.Debug|x86.Build.0 = Debug|Any CPU
		{2FFE1711-2174-451D-A59B-727263452071}.Release|Any CPU.ActiveCfg = Release|Any CPU
		{2FFE1711-2174-451D-A59B-727263452071}.Release|Any CPU.Build.0 = Release|Any CPU
		{2FFE1711-2174-451D-A59B-727263452071}.Release|x64.ActiveCfg = Release|Any CPU
		{2FFE1711-2174-451D-A59B-727263452071}.Release|x64.Build.0 = Release|Any CPU
		{2FFE1711-2174-451D-A59B-727263452071}.Release|x86.ActiveCfg = Release|Any CPU
		{2FFE1711-2174-451D-A59B-727263452071}.Release|x86.Build.0 = Release|Any CPU
		{14C2A9D2-9528-4F06-A1D4-35D5F8B98E66}.Debug|Any CPU.ActiveCfg = Debug|Any CPU
		{14C2A9D2-9528-4F06-A1D4-35D5F8B98E66}.Debug|Any CPU.Build.0 = Debug|Any CPU
		{14C2A9D2-9528-4F06-A1D4-35D5F8B98E66}.Debug|x64.ActiveCfg = Debug|Any CPU
		{14C2A9D2-9528-4F06-A1D4-35D5F8B98E66}.Debug|x64.Build.0 = Debug|Any CPU
		{14C2A9D2-9528-4F06-A1D4-35D5F8B98E66}.Debug|x86.ActiveCfg = Debug|Any CPU
		{14C2A9D2-9528-4F06-A1D4-35D5F8B98E66}.Debug|x86.Build.0 = Debug|Any CPU
		{14C2A9D2-9528-4F06-A1D4-35D5F8B98E66}.Release|Any CPU.ActiveCfg = Release|Any CPU
		{14C2A9D2-9528-4F06-A1D4-35D5F8B98E66}.Release|Any CPU.Build.0 = Release|Any CPU
		{14C2A9D2-9528-4F06-A1D4-35D5F8B98E66}.Release|x64.ActiveCfg = Release|Any CPU
		{14C2A9D2-9528-4F06-A1D4-35D5F8B98E66}.Release|x64.Build.0 = Release|Any CPU
		{14C2A9D2-9528-4F06-A1D4-35D5F8B98E66}.Release|x86.ActiveCfg = Release|Any CPU
		{14C2A9D2-9528-4F06-A1D4-35D5F8B98E66}.Release|x86.Build.0 = Release|Any CPU
	EndGlobalSection
	GlobalSection(SolutionProperties) = preSolution
		HideSolutionNode = FALSE
	EndGlobalSection
	GlobalSection(NestedProjects) = preSolution
		{0A079DB6-5B5F-4B93-8A82-A94697ED6CA6} = {9003E098-45FB-4B64-81D8-8B3B322C66EE}
		{67DA1D7A-1C9D-4DD0-BB07-5CF8C54822DB} = {589DED88-B060-41A6-9F26-F5FE41CFF47C}
		{7F6BF5CF-5E71-408E-B5B9-5581E0EAC5E5} = {9003E098-45FB-4B64-81D8-8B3B322C66EE}
		{D00C0081-1AF1-42FE-B07A-078C16A941D0} = {9003E098-45FB-4B64-81D8-8B3B322C66EE}
		{5D073D39-6D4F-4F44-917A-F99A0EA08D5D} = {9003E098-45FB-4B64-81D8-8B3B322C66EE}
		{659CC9CF-566A-4757-8742-443244A47D75} = {9003E098-45FB-4B64-81D8-8B3B322C66EE}
		{53ED25DE-3103-4E6D-805D-83C9671487F4} = {9003E098-45FB-4B64-81D8-8B3B322C66EE}
		{3A13BA5A-4CD7-4932-9F96-81F71F9C617B} = {9003E098-45FB-4B64-81D8-8B3B322C66EE}
		{70877E45-2E4D-48BF-959C-26796F6E2F29} = {589DED88-B060-41A6-9F26-F5FE41CFF47C}
		{87789AF1-7E77-4C18-9DE5-BEF035C7DA8E} = {589DED88-B060-41A6-9F26-F5FE41CFF47C}
		{2FFE1711-2174-451D-A59B-727263452071} = {589DED88-B060-41A6-9F26-F5FE41CFF47C}
		{14C2A9D2-9528-4F06-A1D4-35D5F8B98E66} = {589DED88-B060-41A6-9F26-F5FE41CFF47C}
	EndGlobalSection
EndGlobal
